// !$*UTF8*$!
{
	archiveVersion = 1;
	classes = {
	};
	objectVersion = 46;
	objects = {

/* Begin PBXBuildFile section */
		A53A05351BEA4B8500D6C99A /* AppDelegate.swift in Sources */ = {isa = PBXBuildFile; fileRef = A53A05341BEA4B8500D6C99A /* AppDelegate.swift */; };
		A53A05371BEA4B8500D6C99A /* ViewController.swift in Sources */ = {isa = PBXBuildFile; fileRef = A53A05361BEA4B8500D6C99A /* ViewController.swift */; };
		A53A053A1BEA4B8500D6C99A /* Main.storyboard in Resources */ = {isa = PBXBuildFile; fileRef = A53A05381BEA4B8500D6C99A /* Main.storyboard */; };
		A53A053C1BEA4B8500D6C99A /* Assets.xcassets in Resources */ = {isa = PBXBuildFile; fileRef = A53A053B1BEA4B8500D6C99A /* Assets.xcassets */; };
		A53A053F1BEA4B8500D6C99A /* LaunchScreen.storyboard in Resources */ = {isa = PBXBuildFile; fileRef = A53A053D1BEA4B8500D6C99A /* LaunchScreen.storyboard */; };
		A53A054A1BEA4B8500D6C99A /* StackViewsOnBetaTests.swift in Sources */ = {isa = PBXBuildFile; fileRef = A53A05491BEA4B8500D6C99A /* StackViewsOnBetaTests.swift */; };
		A53A05551BEA4B8500D6C99A /* StackViewsOnBetaUITests.swift in Sources */ = {isa = PBXBuildFile; fileRef = A53A05541BEA4B8500D6C99A /* StackViewsOnBetaUITests.swift */; };
		A564ED661BED27880012F64D /* StackPropertiesViewController.swift in Sources */ = {isa = PBXBuildFile; fileRef = A564ED651BED27880012F64D /* StackPropertiesViewController.swift */; };
		A5F844F41BEBE63700DF2709 /* DynamicStackViewController.swift in Sources */ = {isa = PBXBuildFile; fileRef = A5F844F31BEBE63700DF2709 /* DynamicStackViewController.swift */; };
/* End PBXBuildFile section */

/* Begin PBXContainerItemProxy section */
		A53A05461BEA4B8500D6C99A /* PBXContainerItemProxy */ = {
			isa = PBXContainerItemProxy;
			containerPortal = A53A05291BEA4B8500D6C99A /* Project object */;
			proxyType = 1;
			remoteGlobalIDString = A53A05301BEA4B8500D6C99A;
			remoteInfo = StackViewsOnBeta;
		};
		A53A05511BEA4B8500D6C99A /* PBXContainerItemProxy */ = {
			isa = PBXContainerItemProxy;
			containerPortal = A53A05291BEA4B8500D6C99A /* Project object */;
			proxyType = 1;
			remoteGlobalIDString = A53A05301BEA4B8500D6C99A;
			remoteInfo = StackViewsOnBeta;
		};
/* End PBXContainerItemProxy section */

/* Begin PBXFileReference section */
		A53A05311BEA4B8500D6C99A /* StackViewsOnBeta.app */ = {isa = PBXFileReference; explicitFileType = wrapper.application; includeInIndex = 0; path = StackViewsOnBeta.app; sourceTree = BUILT_PRODUCTS_DIR; };
		A53A05341BEA4B8500D6C99A /* AppDelegate.swift */ = {isa = PBXFileReference; lastKnownFileType = sourcecode.swift; path = AppDelegate.swift; sourceTree = "<group>"; };
		A53A05361BEA4B8500D6C99A /* ViewController.swift */ = {isa = PBXFileReference; lastKnownFileType = sourcecode.swift; path = ViewController.swift; sourceTree = "<group>"; };
		A53A05391BEA4B8500D6C99A /* Base */ = {isa = PBXFileReference; lastKnownFileType = file.storyboard; name = Base; path = Base.lproj/Main.storyboard; sourceTree = "<group>"; };
		A53A053B1BEA4B8500D6C99A /* Assets.xcassets */ = {isa = PBXFileReference; lastKnownFileType = folder.assetcatalog; path = Assets.xcassets; sourceTree = "<group>"; };
		A53A053E1BEA4B8500D6C99A /* Base */ = {isa = PBXFileReference; lastKnownFileType = file.storyboard; name = Base; path = Base.lproj/LaunchScreen.storyboard; sourceTree = "<group>"; };
		A53A05401BEA4B8500D6C99A /* Info.plist */ = {isa = PBXFileReference; lastKnownFileType = text.plist.xml; path = Info.plist; sourceTree = "<group>"; };
		A53A05451BEA4B8500D6C99A /* StackViewsOnBetaTests.xctest */ = {isa = PBXFileReference; explicitFileType = wrapper.cfbundle; includeInIndex = 0; path = StackViewsOnBetaTests.xctest; sourceTree = BUILT_PRODUCTS_DIR; };
		A53A05491BEA4B8500D6C99A /* StackViewsOnBetaTests.swift */ = {isa = PBXFileReference; lastKnownFileType = sourcecode.swift; path = StackViewsOnBetaTests.swift; sourceTree = "<group>"; };
		A53A054B1BEA4B8500D6C99A /* Info.plist */ = {isa = PBXFileReference; lastKnownFileType = text.plist.xml; path = Info.plist; sourceTree = "<group>"; };
		A53A05501BEA4B8500D6C99A /* StackViewsOnBetaUITests.xctest */ = {isa = PBXFileReference; explicitFileType = wrapper.cfbundle; includeInIndex = 0; path = StackViewsOnBetaUITests.xctest; sourceTree = BUILT_PRODUCTS_DIR; };
		A53A05541BEA4B8500D6C99A /* StackViewsOnBetaUITests.swift */ = {isa = PBXFileReference; lastKnownFileType = sourcecode.swift; path = StackViewsOnBetaUITests.swift; sourceTree = "<group>"; };
		A53A05561BEA4B8500D6C99A /* Info.plist */ = {isa = PBXFileReference; lastKnownFileType = text.plist.xml; path = Info.plist; sourceTree = "<group>"; };
		A564ED651BED27880012F64D /* StackPropertiesViewController.swift */ = {isa = PBXFileReference; fileEncoding = 4; lastKnownFileType = sourcecode.swift; name = StackPropertiesViewController.swift; path = ../StackPropertiesViewController.swift; sourceTree = "<group>"; };
		A5F844F31BEBE63700DF2709 /* DynamicStackViewController.swift */ = {isa = PBXFileReference; fileEncoding = 4; lastKnownFileType = sourcecode.swift; path = DynamicStackViewController.swift; sourceTree = "<group>"; };
/* End PBXFileReference section */

/* Begin PBXFrameworksBuildPhase section */
		A53A052E1BEA4B8500D6C99A /* Frameworks */ = {
			isa = PBXFrameworksBuildPhase;
			buildActionMask = 2147483647;
			files = (
			);
			runOnlyForDeploymentPostprocessing = 0;
		};
		A53A05421BEA4B8500D6C99A /* Frameworks */ = {
			isa = PBXFrameworksBuildPhase;
			buildActionMask = 2147483647;
			files = (
			);
			runOnlyForDeploymentPostprocessing = 0;
		};
		A53A054D1BEA4B8500D6C99A /* Frameworks */ = {
			isa = PBXFrameworksBuildPhase;
			buildActionMask = 2147483647;
			files = (
			);
			runOnlyForDeploymentPostprocessing = 0;
		};
/* End PBXFrameworksBuildPhase section */

/* Begin PBXGroup section */
		A53A05281BEA4B8500D6C99A = {
			isa = PBXGroup;
			children = (
				A53A05331BEA4B8500D6C99A /* StackViewsOnBeta */,
				A53A05481BEA4B8500D6C99A /* StackViewsOnBetaTests */,
				A53A05531BEA4B8500D6C99A /* StackViewsOnBetaUITests */,
				A53A05321BEA4B8500D6C99A /* Products */,
			);
			sourceTree = "<group>";
		};
		A53A05321BEA4B8500D6C99A /* Products */ = {
			isa = PBXGroup;
			children = (
				A53A05311BEA4B8500D6C99A /* StackViewsOnBeta.app */,
				A53A05451BEA4B8500D6C99A /* StackViewsOnBetaTests.xctest */,
				A53A05501BEA4B8500D6C99A /* StackViewsOnBetaUITests.xctest */,
			);
			name = Products;
			sourceTree = "<group>";
		};
		A53A05331BEA4B8500D6C99A /* StackViewsOnBeta */ = {
			isa = PBXGroup;
			children = (
				A564ED651BED27880012F64D /* StackPropertiesViewController.swift */,
				A53A05341BEA4B8500D6C99A /* AppDelegate.swift */,
				A53A05361BEA4B8500D6C99A /* ViewController.swift */,
				A53A05381BEA4B8500D6C99A /* Main.storyboard */,
				A5F844F31BEBE63700DF2709 /* DynamicStackViewController.swift */,
				A53A053B1BEA4B8500D6C99A /* Assets.xcassets */,
				A53A053D1BEA4B8500D6C99A /* LaunchScreen.storyboard */,
				A53A05401BEA4B8500D6C99A /* Info.plist */,
			);
			path = StackViewsOnBeta;
			sourceTree = "<group>";
		};
		A53A05481BEA4B8500D6C99A /* StackViewsOnBetaTests */ = {
			isa = PBXGroup;
			children = (
				A53A05491BEA4B8500D6C99A /* StackViewsOnBetaTests.swift */,
				A53A054B1BEA4B8500D6C99A /* Info.plist */,
			);
			path = StackViewsOnBetaTests;
			sourceTree = "<group>";
		};
		A53A05531BEA4B8500D6C99A /* StackViewsOnBetaUITests */ = {
			isa = PBXGroup;
			children = (
				A53A05541BEA4B8500D6C99A /* StackViewsOnBetaUITests.swift */,
				A53A05561BEA4B8500D6C99A /* Info.plist */,
			);
			path = StackViewsOnBetaUITests;
			sourceTree = "<group>";
		};
/* End PBXGroup section */

/* Begin PBXNativeTarget section */
		A53A05301BEA4B8500D6C99A /* StackViewsOnBeta */ = {
			isa = PBXNativeTarget;
			buildConfigurationList = A53A05591BEA4B8500D6C99A /* Build configuration list for PBXNativeTarget "StackViewsOnBeta" */;
			buildPhases = (
				A53A052D1BEA4B8500D6C99A /* Sources */,
				A53A052E1BEA4B8500D6C99A /* Frameworks */,
				A53A052F1BEA4B8500D6C99A /* Resources */,
			);
			buildRules = (
			);
			dependencies = (
			);
			name = StackViewsOnBeta;
			productName = StackViewsOnBeta;
			productReference = A53A05311BEA4B8500D6C99A /* StackViewsOnBeta.app */;
			productType = "com.apple.product-type.application";
		};
		A53A05441BEA4B8500D6C99A /* StackViewsOnBetaTests */ = {
			isa = PBXNativeTarget;
			buildConfigurationList = A53A055C1BEA4B8500D6C99A /* Build configuration list for PBXNativeTarget "StackViewsOnBetaTests" */;
			buildPhases = (
				A53A05411BEA4B8500D6C99A /* Sources */,
				A53A05421BEA4B8500D6C99A /* Frameworks */,
				A53A05431BEA4B8500D6C99A /* Resources */,
			);
			buildRules = (
			);
			dependencies = (
				A53A05471BEA4B8500D6C99A /* PBXTargetDependency */,
			);
			name = StackViewsOnBetaTests;
			productName = StackViewsOnBetaTests;
			productReference = A53A05451BEA4B8500D6C99A /* StackViewsOnBetaTests.xctest */;
			productType = "com.apple.product-type.bundle.unit-test";
		};
		A53A054F1BEA4B8500D6C99A /* StackViewsOnBetaUITests */ = {
			isa = PBXNativeTarget;
			buildConfigurationList = A53A055F1BEA4B8500D6C99A /* Build configuration list for PBXNativeTarget "StackViewsOnBetaUITests" */;
			buildPhases = (
				A53A054C1BEA4B8500D6C99A /* Sources */,
				A53A054D1BEA4B8500D6C99A /* Frameworks */,
				A53A054E1BEA4B8500D6C99A /* Resources */,
			);
			buildRules = (
			);
			dependencies = (
				A53A05521BEA4B8500D6C99A /* PBXTargetDependency */,
			);
			name = StackViewsOnBetaUITests;
			productName = StackViewsOnBetaUITests;
			productReference = A53A05501BEA4B8500D6C99A /* StackViewsOnBetaUITests.xctest */;
			productType = "com.apple.product-type.bundle.ui-testing";
		};
/* End PBXNativeTarget section */

/* Begin PBXProject section */
		A53A05291BEA4B8500D6C99A /* Project object */ = {
			isa = PBXProject;
			attributes = {
				LastSwiftUpdateCheck = 0720;
				LastUpgradeCheck = 0720;
				ORGANIZATIONNAME = "Diego Ernst";
				TargetAttributes = {
					A53A05301BEA4B8500D6C99A = {
						CreatedOnToolsVersion = 7.2;
					};
					A53A05441BEA4B8500D6C99A = {
						CreatedOnToolsVersion = 7.2;
						TestTargetID = A53A05301BEA4B8500D6C99A;
					};
					A53A054F1BEA4B8500D6C99A = {
						CreatedOnToolsVersion = 7.2;
						TestTargetID = A53A05301BEA4B8500D6C99A;
					};
				};
			};
			buildConfigurationList = A53A052C1BEA4B8500D6C99A /* Build configuration list for PBXProject "StackViewsOnBeta" */;
			compatibilityVersion = "Xcode 3.2";
			developmentRegion = English;
			hasScannedForEncodings = 0;
			knownRegions = (
				en,
				Base,
			);
			mainGroup = A53A05281BEA4B8500D6C99A;
			productRefGroup = A53A05321BEA4B8500D6C99A /* Products */;
			projectDirPath = "";
			projectRoot = "";
			targets = (
				A53A05301BEA4B8500D6C99A /* StackViewsOnBeta */,
				A53A05441BEA4B8500D6C99A /* StackViewsOnBetaTests */,
				A53A054F1BEA4B8500D6C99A /* StackViewsOnBetaUITests */,
			);
		};
/* End PBXProject section */

/* Begin PBXResourcesBuildPhase section */
		A53A052F1BEA4B8500D6C99A /* Resources */ = {
			isa = PBXResourcesBuildPhase;
			buildActionMask = 2147483647;
			files = (
				A53A053F1BEA4B8500D6C99A /* LaunchScreen.storyboard in Resources */,
				A53A053C1BEA4B8500D6C99A /* Assets.xcassets in Resources */,
				A53A053A1BEA4B8500D6C99A /* Main.storyboard in Resources */,
			);
			runOnlyForDeploymentPostprocessing = 0;
		};
		A53A05431BEA4B8500D6C99A /* Resources */ = {
			isa = PBXResourcesBuildPhase;
			buildActionMask = 2147483647;
			files = (
			);
			runOnlyForDeploymentPostprocessing = 0;
		};
		A53A054E1BEA4B8500D6C99A /* Resources */ = {
			isa = PBXResourcesBuildPhase;
			buildActionMask = 2147483647;
			files = (
			);
			runOnlyForDeploymentPostprocessing = 0;
		};
/* End PBXResourcesBuildPhase section */

/* Begin PBXSourcesBuildPhase section */
		A53A052D1BEA4B8500D6C99A /* Sources */ = {
			isa = PBXSourcesBuildPhase;
			buildActionMask = 2147483647;
			files = (
				A564ED661BED27880012F64D /* StackPropertiesViewController.swift in Sources */,
				A53A05371BEA4B8500D6C99A /* ViewController.swift in Sources */,
				A5F844F41BEBE63700DF2709 /* DynamicStackViewController.swift in Sources */,
				A53A05351BEA4B8500D6C99A /* AppDelegate.swift in Sources */,
			);
			runOnlyForDeploymentPostprocessing = 0;
		};
		A53A05411BEA4B8500D6C99A /* Sources */ = {
			isa = PBXSourcesBuildPhase;
			buildActionMask = 2147483647;
			files = (
				A53A054A1BEA4B8500D6C99A /* StackViewsOnBetaTests.swift in Sources */,
			);
			runOnlyForDeploymentPostprocessing = 0;
		};
		A53A054C1BEA4B8500D6C99A /* Sources */ = {
			isa = PBXSourcesBuildPhase;
			buildActionMask = 2147483647;
			files = (
				A53A05551BEA4B8500D6C99A /* StackViewsOnBetaUITests.swift in Sources */,
			);
			runOnlyForDeploymentPostprocessing = 0;
		};
/* End PBXSourcesBuildPhase section */

/* Begin PBXTargetDependency section */
		A53A05471BEA4B8500D6C99A /* PBXTargetDependency */ = {
			isa = PBXTargetDependency;
			target = A53A05301BEA4B8500D6C99A /* StackViewsOnBeta */;
			targetProxy = A53A05461BEA4B8500D6C99A /* PBXContainerItemProxy */;
		};
		A53A05521BEA4B8500D6C99A /* PBXTargetDependency */ = {
			isa = PBXTargetDependency;
			target = A53A05301BEA4B8500D6C99A /* StackViewsOnBeta */;
			targetProxy = A53A05511BEA4B8500D6C99A /* PBXContainerItemProxy */;
		};
/* End PBXTargetDependency section */

/* Begin PBXVariantGroup section */
		A53A05381BEA4B8500D6C99A /* Main.storyboard */ = {
			isa = PBXVariantGroup;
			children = (
				A53A05391BEA4B8500D6C99A /* Base */,
			);
			name = Main.storyboard;
			sourceTree = "<group>";
		};
		A53A053D1BEA4B8500D6C99A /* LaunchScreen.storyboard */ = {
			isa = PBXVariantGroup;
			children = (
				A53A053E1BEA4B8500D6C99A /* Base */,
			);
			name = LaunchScreen.storyboard;
			sourceTree = "<group>";
		};
/* End PBXVariantGroup section */

/* Begin XCBuildConfiguration section */
		A53A05571BEA4B8500D6C99A /* Debug */ = {
			isa = XCBuildConfiguration;
			buildSettings = {
				ALWAYS_SEARCH_USER_PATHS = NO;
				CLANG_CXX_LANGUAGE_STANDARD = "gnu++0x";
				CLANG_CXX_LIBRARY = "libc++";
				CLANG_ENABLE_MODULES = YES;
				CLANG_ENABLE_OBJC_ARC = YES;
				CLANG_WARN_BOOL_CONVERSION = YES;
				CLANG_WARN_CONSTANT_CONVERSION = YES;
				CLANG_WARN_DIRECT_OBJC_ISA_USAGE = YES_ERROR;
				CLANG_WARN_EMPTY_BODY = YES;
				CLANG_WARN_ENUM_CONVERSION = YES;
				CLANG_WARN_INT_CONVERSION = YES;
				CLANG_WARN_OBJC_ROOT_CLASS = YES_ERROR;
				CLANG_WARN_UNREACHABLE_CODE = YES;
				CLANG_WARN__DUPLICATE_METHOD_MATCH = YES;
				"CODE_SIGN_IDENTITY[sdk=iphoneos*]" = "iPhone Developer";
				COPY_PHASE_STRIP = NO;
				DEBUG_INFORMATION_FORMAT = dwarf;
				ENABLE_STRICT_OBJC_MSGSEND = YES;
				ENABLE_TESTABILITY = YES;
				GCC_C_LANGUAGE_STANDARD = gnu99;
				GCC_DYNAMIC_NO_PIC = NO;
				GCC_NO_COMMON_BLOCKS = YES;
				GCC_OPTIMIZATION_LEVEL = 0;
				GCC_PREPROCESSOR_DEFINITIONS = (
					"DEBUG=1",
					"$(inherited)",
				);
				GCC_WARN_64_TO_32_BIT_CONVERSION = YES;
				GCC_WARN_ABOUT_RETURN_TYPE = YES_ERROR;
				GCC_WARN_UNDECLARED_SELECTOR = YES;
				GCC_WARN_UNINITIALIZED_AUTOS = YES_AGGRESSIVE;
				GCC_WARN_UNUSED_FUNCTION = YES;
				GCC_WARN_UNUSED_VARIABLE = YES;
				IPHONEOS_DEPLOYMENT_TARGET = 9.2;
				MTL_ENABLE_DEBUG_INFO = YES;
				ONLY_ACTIVE_ARCH = YES;
				SDKROOT = iphoneos;
				SWIFT_OPTIMIZATION_LEVEL = "-Onone";
				TARGETED_DEVICE_FAMILY = "1,2";
			};
			name = Debug;
		};
		A53A05581BEA4B8500D6C99A /* Release */ = {
			isa = XCBuildConfiguration;
			buildSettings = {
				ALWAYS_SEARCH_USER_PATHS = NO;
				CLANG_CXX_LANGUAGE_STANDARD = "gnu++0x";
				CLANG_CXX_LIBRARY = "libc++";
				CLANG_ENABLE_MODULES = YES;
				CLANG_ENABLE_OBJC_ARC = YES;
				CLANG_WARN_BOOL_CONVERSION = YES;
				CLANG_WARN_CONSTANT_CONVERSION = YES;
				CLANG_WARN_DIRECT_OBJC_ISA_USAGE = YES_ERROR;
				CLANG_WARN_EMPTY_BODY = YES;
				CLANG_WARN_ENUM_CONVERSION = YES;
				CLANG_WARN_INT_CONVERSION = YES;
				CLANG_WARN_OBJC_ROOT_CLASS = YES_ERROR;
				CLANG_WARN_UNREACHABLE_CODE = YES;
				CLANG_WARN__DUPLICATE_METHOD_MATCH = YES;
				"CODE_SIGN_IDENTITY[sdk=iphoneos*]" = "iPhone Developer";
				COPY_PHASE_STRIP = NO;
				DEBUG_INFORMATION_FORMAT = "dwarf-with-dsym";
				ENABLE_NS_ASSERTIONS = NO;
				ENABLE_STRICT_OBJC_MSGSEND = YES;
				GCC_C_LANGUAGE_STANDARD = gnu99;
				GCC_NO_COMMON_BLOCKS = YES;
				GCC_WARN_64_TO_32_BIT_CONVERSION = YES;
				GCC_WARN_ABOUT_RETURN_TYPE = YES_ERROR;
				GCC_WARN_UNDECLARED_SELECTOR = YES;
				GCC_WARN_UNINITIALIZED_AUTOS = YES_AGGRESSIVE;
				GCC_WARN_UNUSED_FUNCTION = YES;
				GCC_WARN_UNUSED_VARIABLE = YES;
				IPHONEOS_DEPLOYMENT_TARGET = 9.2;
				MTL_ENABLE_DEBUG_INFO = NO;
				SDKROOT = iphoneos;
				TARGETED_DEVICE_FAMILY = "1,2";
				VALIDATE_PRODUCT = YES;
			};
			name = Release;
		};
		A53A055A1BEA4B8500D6C99A /* Debug */ = {
			isa = XCBuildConfiguration;
			buildSettings = {
				ASSETCATALOG_COMPILER_APPICON_NAME = AppIcon;
				INFOPLIST_FILE = StackViewsOnBeta/Info.plist;
				LD_RUNPATH_SEARCH_PATHS = "$(inherited) @executable_path/Frameworks";
				PRODUCT_BUNDLE_IDENTIFIER = xmartlabs.StackViewsOnBeta;
				PRODUCT_NAME = "$(TARGET_NAME)";
			};
			name = Debug;
		};
		A53A055B1BEA4B8500D6C99A /* Release */ = {
			isa = XCBuildConfiguration;
			buildSettings = {
				ASSETCATALOG_COMPILER_APPICON_NAME = AppIcon;
				INFOPLIST_FILE = StackViewsOnBeta/Info.plist;
				LD_RUNPATH_SEARCH_PATHS = "$(inherited) @executable_path/Frameworks";
				PRODUCT_BUNDLE_IDENTIFIER = xmartlabs.StackViewsOnBeta;
				PRODUCT_NAME = "$(TARGET_NAME)";
			};
			name = Release;
		};
		A53A055D1BEA4B8500D6C99A /* Debug */ = {
			isa = XCBuildConfiguration;
			buildSettings = {
				BUNDLE_LOADER = "$(TEST_HOST)";
				INFOPLIST_FILE = StackViewsOnBetaTests/Info.plist;
				LD_RUNPATH_SEARCH_PATHS = "$(inherited) @executable_path/Frameworks @loader_path/Frameworks";
				PRODUCT_BUNDLE_IDENTIFIER = xmartlabs.StackViewsOnBetaTests;
				PRODUCT_NAME = "$(TARGET_NAME)";
				TEST_HOST = "$(BUILT_PRODUCTS_DIR)/StackViewsOnBeta.app/StackViewsOnBeta";
			};
			name = Debug;
		};
		A53A055E1BEA4B8500D6C99A /* Release */ = {
			isa = XCBuildConfiguration;
			buildSettings = {
				BUNDLE_LOADER = "$(TEST_HOST)";
				INFOPLIST_FILE = StackViewsOnBetaTests/Info.plist;
				LD_RUNPATH_SEARCH_PATHS = "$(inherited) @executable_path/Frameworks @loader_path/Frameworks";
				PRODUCT_BUNDLE_IDENTIFIER = xmartlabs.StackViewsOnBetaTests;
				PRODUCT_NAME = "$(TARGET_NAME)";
				TEST_HOST = "$(BUILT_PRODUCTS_DIR)/StackViewsOnBeta.app/StackViewsOnBeta";
			};
			name = Release;
		};
		A53A05601BEA4B8500D6C99A /* Debug */ = {
			isa = XCBuildConfiguration;
			buildSettings = {
				INFOPLIST_FILE = StackViewsOnBetaUITests/Info.plist;
				LD_RUNPATH_SEARCH_PATHS = "$(inherited) @executable_path/Frameworks @loader_path/Frameworks";
				PRODUCT_BUNDLE_IDENTIFIER = xmartlabs.StackViewsOnBetaUITests;
				PRODUCT_NAME = "$(TARGET_NAME)";
				TEST_TARGET_NAME = StackViewsOnBeta;
				USES_XCTRUNNER = YES;
			};
			name = Debug;
		};
		A53A05611BEA4B8500D6C99A /* Release */ = {
			isa = XCBuildConfiguration;
			buildSettings = {
				INFOPLIST_FILE = StackViewsOnBetaUITests/Info.plist;
				LD_RUNPATH_SEARCH_PATHS = "$(inherited) @executable_path/Frameworks @loader_path/Frameworks";
				PRODUCT_BUNDLE_IDENTIFIER = xmartlabs.StackViewsOnBetaUITests;
				PRODUCT_NAME = "$(TARGET_NAME)";
				TEST_TARGET_NAME = StackViewsOnBeta;
				USES_XCTRUNNER = YES;
			};
			name = Release;
		};
/* End XCBuildConfiguration section */

/* Begin XCConfigurationList section */
		A53A052C1BEA4B8500D6C99A /* Build configuration list for PBXProject "StackViewsOnBeta" */ = {
			isa = XCConfigurationList;
			buildConfigurations = (
				A53A05571BEA4B8500D6C99A /* Debug */,
				A53A05581BEA4B8500D6C99A /* Release */,
			);
			defaultConfigurationIsVisible = 0;
			defaultConfigurationName = Release;
		};
		A53A05591BEA4B8500D6C99A /* Build configuration list for PBXNativeTarget "StackViewsOnBeta" */ = {
			isa = XCConfigurationList;
			buildConfigurations = (
				A53A055A1BEA4B8500D6C99A /* Debug */,
				A53A055B1BEA4B8500D6C99A /* Release */,
			);
			defaultConfigurationIsVisible = 0;
			defaultConfigurationName = Release;
		};
		A53A055C1BEA4B8500D6C99A /* Build configuration list for PBXNativeTarget "StackViewsOnBetaTests" */ = {
			isa = XCConfigurationList;
			buildConfigurations = (
				A53A055D1BEA4B8500D6C99A /* Debug */,
				A53A055E1BEA4B8500D6C99A /* Release */,
			);
			defaultConfigurationIsVisible = 0;
			defaultConfigurationName = Release;
		};
		A53A055F1BEA4B8500D6C99A /* Build configuration list for PBXNativeTarget "StackViewsOnBetaUITests" */ = {
			isa = XCConfigurationList;
			buildConfigurations = (
				A53A05601BEA4B8500D6C99A /* Debug */,
				A53A05611BEA4B8500D6C99A /* Release */,
			);
			defaultConfigurationIsVisible = 0;
			defaultConfigurationName = Release;
		};
/* End XCConfigurationList section */
	};
	rootObject = A53A05291BEA4B8500D6C99A /* Project object */;
}
